
Microsoft Visual Studio Solution File, Format Version 12.00
# Visual Studio Version 17
VisualStudioVersion = 17.14.36408.4 d17.14
MinimumVisualStudioVersion = 10.0.40219.1
Project("{FAE04EC0-301F-11D3-BF4B-00C04F79EFBC}") = "ULTRA MEGA MOC EFEKTIVNÍ MAPA", "ULTRA MEGA MOC EFEKTIVNÍ MAPA\ULTRA MEGA MOC EFEKTIVNÍ MAPA.csproj", "{AD5532AD-B095-4C9F-BDFB-BA995D741465}"
EndProject
Global
	GlobalSection(SolutionConfigurationPlatforms) = preSolution
		Debug|Any CPU = Debug|Any CPU
		Release|Any CPU = Release|Any CPU
	EndGlobalSection
	GlobalSection(ProjectConfigurationPlatforms) = postSolution
		{AD5532AD-B095-4C9F-BDFB-BA995D741465}.Debug|Any CPU.ActiveCfg = Debug|Any CPU
		{AD5532AD-B095-4C9F-BDFB-BA995D741465}.Debug|Any CPU.Build.0 = Debug|Any CPU
		{AD5532AD-B095-4C9F-BDFB-BA995D741465}.Release|Any CPU.ActiveCfg = Release|Any CPU
		{AD5532AD-B095-4C9F-BDFB-BA995D741465}.Release|Any CPU.Build.0 = Release|Any CPU
	EndGlobalSection
	GlobalSection(SolutionProperties) = preSolution
		HideSolutionNode = FALSE
	EndGlobalSection
	GlobalSection(ExtensibilityGlobals) = postSolution
		SolutionGuid = {BC7BA9E1-A661-47AC-944A-6C849BA50056}
	EndGlobalSection
EndGlobal
