
Microsoft Visual Studio Solution File, Format Version 12.00
# Visual Studio Version 17
VisualStudioVersion = 17.14.36408.4 d17.14
MinimumVisualStudioVersion = 10.0.40219.1
Project("{FAE04EC0-301F-11D3-BF4B-00C04F79EFBC}") = "mapa_ukol", "mapa_ukol\mapa_ukol.csproj", "{461F68CE-058A-48FB-A973-2F42E5524971}"
EndProject
Global
	GlobalSection(SolutionConfigurationPlatforms) = preSolution
		Debug|Any CPU = Debug|Any CPU
		Release|Any CPU = Release|Any CPU
	EndGlobalSection
	GlobalSection(ProjectConfigurationPlatforms) = postSolution
		{461F68CE-058A-48FB-A973-2F42E5524971}.Debug|Any CPU.ActiveCfg = Debug|Any CPU
		{461F68CE-058A-48FB-A973-2F42E5524971}.Debug|Any CPU.Build.0 = Debug|Any CPU
		{461F68CE-058A-48FB-A973-2F42E5524971}.Release|Any CPU.ActiveCfg = Release|Any CPU
		{461F68CE-058A-48FB-A973-2F42E5524971}.Release|Any CPU.Build.0 = Release|Any CPU
	EndGlobalSection
	GlobalSection(SolutionProperties) = preSolution
		HideSolutionNode = FALSE
	EndGlobalSection
	GlobalSection(ExtensibilityGlobals) = postSolution
		SolutionGuid = {B1CBAC8A-A2B3-49AB-9F0A-53C7DE7C0E74}
	EndGlobalSection
EndGlobal
